
Microsoft Visual Studio Solution File, Format Version 12.00
Project("{FAE04EC0-301F-11D3-BF4B-00C04F79EFBC}") = "BerlinClock", "BerlinClock\BerlinClock.csproj", "{11AC7E05-6747-4DD9-8A16-1CDD155E968B}"
EndProject
Project("{FAE04EC0-301F-11D3-BF4B-00C04F79EFBC}") = "BerlinClock.Tests", "BerlinClock.Tests\BerlinClock.Tests.csproj", "{43E873C0-6BF5-4D58-96C5-42FBB80EFC52}"
EndProject
Global
	GlobalSection(SolutionConfigurationPlatforms) = preSolution
		Debug|Any CPU = Debug|Any CPU
		Release|Any CPU = Release|Any CPU
	EndGlobalSection
	GlobalSection(ProjectConfigurationPlatforms) = postSolution
		{11AC7E05-6747-4DD9-8A16-1CDD155E968B}.Debug|Any CPU.ActiveCfg = Debug|Any CPU
		{11AC7E05-6747-4DD9-8A16-1CDD155E968B}.Debug|Any CPU.Build.0 = Debug|Any CPU
		{11AC7E05-6747-4DD9-8A16-1CDD155E968B}.Release|Any CPU.ActiveCfg = Release|Any CPU
		{11AC7E05-6747-4DD9-8A16-1CDD155E968B}.Release|Any CPU.Build.0 = Release|Any CPU
		{43E873C0-6BF5-4D58-96C5-42FBB80EFC52}.Debug|Any CPU.ActiveCfg = Debug|Any CPU
		{43E873C0-6BF5-4D58-96C5-42FBB80EFC52}.Debug|Any CPU.Build.0 = Debug|Any CPU
		{43E873C0-6BF5-4D58-96C5-42FBB80EFC52}.Release|Any CPU.ActiveCfg = Release|Any CPU
		{43E873C0-6BF5-4D58-96C5-42FBB80EFC52}.Release|Any CPU.Build.0 = Release|Any CPU
	EndGlobalSection
EndGlobal
